
Microsoft Visual Studio Solution File, Format Version 12.00
# Visual Studio 2012
Project("{F184B08F-C81C-45F6-A57F-5ABD9991F28F}") = "Tutorial 3-2", "Tutorial 3-2\Tutorial 3-2.vbproj", "{5474AE50-A8DE-4100-AF87-950DDBD0E398}"
EndProject
Global
	GlobalSection(SolutionConfigurationPlatforms) = preSolution
		Debug|Any CPU = Debug|Any CPU
		Release|Any CPU = Release|Any CPU
	EndGlobalSection
	GlobalSection(ProjectConfigurationPlatforms) = postSolution
		{5474AE50-A8DE-4100-AF87-950DDBD0E398}.Debug|Any CPU.ActiveCfg = Debug|Any CPU
		{5474AE50-A8DE-4100-AF87-950DDBD0E398}.Debug|Any CPU.Build.0 = Debug|Any CPU
		{5474AE50-A8DE-4100-AF87-950DDBD0E398}.Release|Any CPU.ActiveCfg = Release|Any CPU
		{5474AE50-A8DE-4100-AF87-950DDBD0E398}.Release|Any CPU.Build.0 = Release|Any CPU
	EndGlobalSection
	GlobalSection(SolutionProperties) = preSolution
		HideSolutionNode = FALSE
	EndGlobalSection
EndGlobal
